
Microsoft Visual Studio Solution File, Format Version 12.00
# Visual Studio Version 16
VisualStudioVersion = 16.0.33927.289
MinimumVisualStudioVersion = 10.0.40219.1
Project("{2150E333-8FDC-42A3-9474-1A3956D46DE8}") = "Task0", "Task0", "{5F9C53D7-9F7A-4306-B060-07F4BEE456FF}"
EndProject
Project("{FAE04EC0-301F-11D3-BF4B-00C04F79EFBC}") = "Tyuiu.BrukhovAA.Sprint0.Task0.V0", "Tyuiu.BrukhovAA.Sprint0.Task0.V0\Tyuiu.BrukhovAA.Sprint0.Task0.V0.csproj", "{064A22DA-E80B-44E0-BECE-B8CE2A0ABA52}"
EndProject
Project("{2150E333-8FDC-42A3-9474-1A3956D46DE8}") = "Task1", "Task1", "{DEB0C458-25C2-4325-8717-27F6A5B19DC8}"
EndProject
Project("{FAE04EC0-301F-11D3-BF4B-00C04F79EFBC}") = "Tyuiu.BrukhovAA.Sprint0.Task1.V0", "Tyuiu.BrukhovAA.Sprint0.Task1.V0\Tyuiu.BrukhovAA.Sprint0.Task1.V0.csproj", "{F29182FC-205E-4403-8878-6D18F3EF901F}"
EndProject
Project("{2150E333-8FDC-42A3-9474-1A3956D46DE8}") = "Task2", "Task2", "{E26A48F3-8DD9-4540-97C1-B05772728676}"
EndProject
Project("{FAE04EC0-301F-11D3-BF4B-00C04F79EFBC}") = "Tyuiu.BrukhovAA.Sprint0.Task2.V0", "Tyuiu.BrukhovAA.Sprint0.Task2.V0\Tyuiu.BrukhovAA.Sprint0.Task2.V0.csproj", "{CFE7F0BA-A974-4129-868C-45D5FF864AEA}"
EndProject
Project("{FAE04EC0-301F-11D3-BF4B-00C04F79EFBC}") = "Tyuiu.BrukhovAA.Sprint0.Task2.V0.Lib", "Tyuiu.BrukhovAA.Sprint0.Task2.V0.Lib\Tyuiu.BrukhovAA.Sprint0.Task2.V0.Lib.csproj", "{08141187-34AE-43A5-8371-1E332639EFBF}"
EndProject
Project("{FAE04EC0-301F-11D3-BF4B-00C04F79EFBC}") = "Tyuiu.BrukhovAA.Sprint0.Task2.V0.Test", "Tyuiu.BrukhovAA.Sprint0.Task2.V0.Test\Tyuiu.BrukhovAA.Sprint0.Task2.V0.Test.csproj", "{743F87AA-3E09-435F-A14E-0B1279BC2671}"
EndProject
Project("{2150E333-8FDC-42A3-9474-1A3956D46DE8}") = "Task3", "Task3", "{ACFAB99B-749E-4CD3-9700-D0DC972DE6D0}"
EndProject
Project("{FAE04EC0-301F-11D3-BF4B-00C04F79EFBC}") = "Tyuiu.BrukhovAA.Sprint0.Task3.V0", "Tyuiu.BrukhovAA.Sprint0.Task3.V0\Tyuiu.BrukhovAA.Sprint0.Task3.V0.csproj", "{8FC04503-96A3-4B1D-9B07-EA0C3F4D63E9}"
EndProject
Project("{FAE04EC0-301F-11D3-BF4B-00C04F79EFBC}") = "Tyuiu.BrukhovAA.Sprint0.Task3.V0.Lib", "Tyuiu.BrukhovAA.Sprint0.Task3.V0.Lib\Tyuiu.BrukhovAA.Sprint0.Task3.V0.Lib.csproj", "{04BFF01A-A8AB-4DC7-9112-D5EC8ACAB3C1}"
EndProject
Project("{FAE04EC0-301F-11D3-BF4B-00C04F79EFBC}") = "Tyuiu.BrukhovAA.Sprint0.Task3.V0.Test", "Tyuiu.BrukhovAA.Sprint0.Task3.V0.Test\Tyuiu.BrukhovAA.Sprint0.Task3.V0.Test.csproj", "{776901F2-9EE6-468D-9941-902DC4C8D0C4}"
EndProject
Project("{2150E333-8FDC-42A3-9474-1A3956D46DE8}") = "Task4", "Task4", "{2E15C176-5218-4824-99C7-16B535976DB6}"
EndProject
Project("{FAE04EC0-301F-11D3-BF4B-00C04F79EFBC}") = "Tyuiu.BrukhovAA.Sprint0.Task4.V0", "Tyuiu.BrukhovAA.Sprint0.Task4.V0\Tyuiu.BrukhovAA.Sprint0.Task4.V0.csproj", "{851BDFB6-31E1-48D1-83B5-FB796A4F94FF}"
EndProject
Project("{FAE04EC0-301F-11D3-BF4B-00C04F79EFBC}") = "Tyuiu.BrukhovAA.Sprint0.Task4.V0.Lib", "Tyuiu.BrukhovAA.Sprint0.Task4.V0.Lib\Tyuiu.BrukhovAA.Sprint0.Task4.V0.Lib.csproj", "{DEB80B6C-1F4D-4350-B87A-57ECD3992CCC}"
EndProject
Project("{FAE04EC0-301F-11D3-BF4B-00C04F79EFBC}") = "Tyuiu.BrukhovAA.Sprint0.Task4.V0.Test", "Tyuiu.BrukhovAA.Sprint0.Task4.V0.Test\Tyuiu.BrukhovAA.Sprint0.Task4.V0.Test.csproj", "{317F3A2A-2D89-4766-941F-2F64930C403A}"
EndProject
Project("{2150E333-8FDC-42A3-9474-1A3956D46DE8}") = "Task5", "Task5", "{0AA8E848-84EF-445A-A670-14C7BF34DCAF}"
EndProject
Project("{FAE04EC0-301F-11D3-BF4B-00C04F79EFBC}") = "Tyuiu.BrukhovAA.Sprint0.Task5.V0", "Tyuiu.BrukhovAA.Sprint0.Task5.V0\Tyuiu.BrukhovAA.Sprint0.Task5.V0.csproj", "{9E64236B-D0E7-4196-8AFD-F6D4E0AE9E12}"
EndProject
Project("{FAE04EC0-301F-11D3-BF4B-00C04F79EFBC}") = "Tyuiu.BrukhovAA.Sprint0.Task5.V0.Lib", "Tyuiu.BrukhovAA.Sprint0.Task5.V0.Lib\Tyuiu.BrukhovAA.Sprint0.Task5.V0.Lib.csproj", "{EC2AE86E-EF59-414F-948C-EBE18560379B}"
EndProject
Project("{FAE04EC0-301F-11D3-BF4B-00C04F79EFBC}") = "Tyuiu.BrukhovAA.Sprint0.Task5.V0.Test", "Tyuiu.BrukhovAA.Sprint0.Task5.V0.Test\Tyuiu.BrukhovAA.Sprint0.Task5.V0.Test.csproj", "{032DC80C-7F60-4A64-BD81-04F570D8D03E}"
EndProject
Project("{2150E333-8FDC-42A3-9474-1A3956D46DE8}") = "Task6", "Task6", "{02579DB7-5F79-44C5-BFD1-2F714334199B}"
EndProject
Project("{FAE04EC0-301F-11D3-BF4B-00C04F79EFBC}") = "Tyuiu.BrukhovAA.Sprint0.Task6.V0", "Tyuiu.BrukhovAA.Sprint0.Task6.V0\Tyuiu.BrukhovAA.Sprint0.Task6.V0.csproj", "{0B8DD9E6-E456-48F7-9901-0A50C18E6535}"
EndProject
Project("{FAE04EC0-301F-11D3-BF4B-00C04F79EFBC}") = "Tyuiu.BrukhovAA.Sprint0.Task6.V0.Lib", "Tyuiu.BrukhovAA.Sprint0.Task6.V0.Lib\Tyuiu.BrukhovAA.Sprint0.Task6.V0.Lib.csproj", "{E4181908-FC28-4D68-A5D5-2B3193559C68}"
EndProject
Project("{FAE04EC0-301F-11D3-BF4B-00C04F79EFBC}") = "Tyuiu.BrukhovAA.Sprint0.Task6.V0.Test", "Tyuiu.BrukhovAA.Sprint0.Task6.V0.Test\Tyuiu.BrukhovAA.Sprint0.Task6.V0.Test.csproj", "{A787F722-CB1E-4205-8965-5E80C6A03EF3}"
EndProject
Project("{2150E333-8FDC-42A3-9474-1A3956D46DE8}") = "Task7", "Task7", "{7386D3FA-A7F6-4E5B-BD27-8B67339DA5BA}"
EndProject
Project("{FAE04EC0-301F-11D3-BF4B-00C04F79EFBC}") = "Tyuiu.BrukhovAA.Sprint0.Task7.V0", "Tyuiu.BrukhovAA.Sprint0.Task7.V0\Tyuiu.BrukhovAA.Sprint0.Task7.V0.csproj", "{12731CF4-E1C6-455C-A406-F6AF49CE1A05}"
EndProject
Project("{FAE04EC0-301F-11D3-BF4B-00C04F79EFBC}") = "Tyuiu.BrukhovAA.Sprint0.Task7.V0.Lib", "Tyuiu.BrukhovAA.Sprint0.Task7.V0.Lib\Tyuiu.BrukhovAA.Sprint0.Task7.V0.Lib.csproj", "{A743AE7F-CF06-43D4-AA30-FE64425AE888}"
EndProject
Project("{FAE04EC0-301F-11D3-BF4B-00C04F79EFBC}") = "Tyuiu.BrukhovAA.Sprint0.Task7.V0.Test", "Tyuiu.BrukhovAA.Sprint0.Task7.V0.Test\Tyuiu.BrukhovAA.Sprint0.Task7.V0.Test.csproj", "{67CD5E26-7815-48CE-A4D4-045423EC3768}"
EndProject
Global
	GlobalSection(SolutionConfigurationPlatforms) = preSolution
		Debug|Any CPU = Debug|Any CPU
		Release|Any CPU = Release|Any CPU
	EndGlobalSection
	GlobalSection(ProjectConfigurationPlatforms) = postSolution
		{064A22DA-E80B-44E0-BECE-B8CE2A0ABA52}.Debug|Any CPU.ActiveCfg = Debug|Any CPU
		{064A22DA-E80B-44E0-BECE-B8CE2A0ABA52}.Debug|Any CPU.Build.0 = Debug|Any CPU
		{064A22DA-E80B-44E0-BECE-B8CE2A0ABA52}.Release|Any CPU.ActiveCfg = Release|Any CPU
		{064A22DA-E80B-44E0-BECE-B8CE2A0ABA52}.Release|Any CPU.Build.0 = Release|Any CPU
		{F29182FC-205E-4403-8878-6D18F3EF901F}.Debug|Any CPU.ActiveCfg = Debug|Any CPU
		{F29182FC-205E-4403-8878-6D18F3EF901F}.Debug|Any CPU.Build.0 = Debug|Any CPU
		{F29182FC-205E-4403-8878-6D18F3EF901F}.Release|Any CPU.ActiveCfg = Release|Any CPU
		{F29182FC-205E-4403-8878-6D18F3EF901F}.Release|Any CPU.Build.0 = Release|Any CPU
		{CFE7F0BA-A974-4129-868C-45D5FF864AEA}.Debug|Any CPU.ActiveCfg = Debug|Any CPU
		{CFE7F0BA-A974-4129-868C-45D5FF864AEA}.Debug|Any CPU.Build.0 = Debug|Any CPU
		{CFE7F0BA-A974-4129-868C-45D5FF864AEA}.Release|Any CPU.ActiveCfg = Release|Any CPU
		{CFE7F0BA-A974-4129-868C-45D5FF864AEA}.Release|Any CPU.Build.0 = Release|Any CPU
		{08141187-34AE-43A5-8371-1E332639EFBF}.Debug|Any CPU.ActiveCfg = Debug|Any CPU
		{08141187-34AE-43A5-8371-1E332639EFBF}.Debug|Any CPU.Build.0 = Debug|Any CPU
		{08141187-34AE-43A5-8371-1E332639EFBF}.Release|Any CPU.ActiveCfg = Release|Any CPU
		{08141187-34AE-43A5-8371-1E332639EFBF}.Release|Any CPU.Build.0 = Release|Any CPU
		{743F87AA-3E09-435F-A14E-0B1279BC2671}.Debug|Any CPU.ActiveCfg = Debug|Any CPU
		{743F87AA-3E09-435F-A14E-0B1279BC2671}.Debug|Any CPU.Build.0 = Debug|Any CPU
		{743F87AA-3E09-435F-A14E-0B1279BC2671}.Release|Any CPU.ActiveCfg = Release|Any CPU
		{743F87AA-3E09-435F-A14E-0B1279BC2671}.Release|Any CPU.Build.0 = Release|Any CPU
		{8FC04503-96A3-4B1D-9B07-EA0C3F4D63E9}.Debug|Any CPU.ActiveCfg = Debug|Any CPU
		{8FC04503-96A3-4B1D-9B07-EA0C3F4D63E9}.Debug|Any CPU.Build.0 = Debug|Any CPU
		{8FC04503-96A3-4B1D-9B07-EA0C3F4D63E9}.Release|Any CPU.ActiveCfg = Release|Any CPU
		{8FC04503-96A3-4B1D-9B07-EA0C3F4D63E9}.Release|Any CPU.Build.0 = Release|Any CPU
		{04BFF01A-A8AB-4DC7-9112-D5EC8ACAB3C1}.Debug|Any CPU.ActiveCfg = Debug|Any CPU
		{04BFF01A-A8AB-4DC7-9112-D5EC8ACAB3C1}.Debug|Any CPU.Build.0 = Debug|Any CPU
		{04BFF01A-A8AB-4DC7-9112-D5EC8ACAB3C1}.Release|Any CPU.ActiveCfg = Release|Any CPU
		{04BFF01A-A8AB-4DC7-9112-D5EC8ACAB3C1}.Release|Any CPU.Build.0 = Release|Any CPU
		{776901F2-9EE6-468D-9941-902DC4C8D0C4}.Debug|Any CPU.ActiveCfg = Debug|Any CPU
		{776901F2-9EE6-468D-9941-902DC4C8D0C4}.Debug|Any CPU.Build.0 = Debug|Any CPU
		{776901F2-9EE6-468D-9941-902DC4C8D0C4}.Release|Any CPU.ActiveCfg = Release|Any CPU
		{776901F2-9EE6-468D-9941-902DC4C8D0C4}.Release|Any CPU.Build.0 = Release|Any CPU
		{851BDFB6-31E1-48D1-83B5-FB796A4F94FF}.Debug|Any CPU.ActiveCfg = Debug|Any CPU
		{851BDFB6-31E1-48D1-83B5-FB796A4F94FF}.Debug|Any CPU.Build.0 = Debug|Any CPU
		{851BDFB6-31E1-48D1-83B5-FB796A4F94FF}.Release|Any CPU.ActiveCfg = Release|Any CPU
		{851BDFB6-31E1-48D1-83B5-FB796A4F94FF}.Release|Any CPU.Build.0 = Release|Any CPU
		{DEB80B6C-1F4D-4350-B87A-57ECD3992CCC}.Debug|Any CPU.ActiveCfg = Debug|Any CPU
		{DEB80B6C-1F4D-4350-B87A-57ECD3992CCC}.Debug|Any CPU.Build.0 = Debug|Any CPU
		{DEB80B6C-1F4D-4350-B87A-57ECD3992CCC}.Release|Any CPU.ActiveCfg = Release|Any CPU
		{DEB80B6C-1F4D-4350-B87A-57ECD3992CCC}.Release|Any CPU.Build.0 = Release|Any CPU
		{317F3A2A-2D89-4766-941F-2F64930C403A}.Debug|Any CPU.ActiveCfg = Debug|Any CPU
		{317F3A2A-2D89-4766-941F-2F64930C403A}.Debug|Any CPU.Build.0 = Debug|Any CPU
		{317F3A2A-2D89-4766-941F-2F64930C403A}.Release|Any CPU.ActiveCfg = Release|Any CPU
		{317F3A2A-2D89-4766-941F-2F64930C403A}.Release|Any CPU.Build.0 = Release|Any CPU
		{9E64236B-D0E7-4196-8AFD-F6D4E0AE9E12}.Debug|Any CPU.ActiveCfg = Debug|Any CPU
		{9E64236B-D0E7-4196-8AFD-F6D4E0AE9E12}.Debug|Any CPU.Build.0 = Debug|Any CPU
		{9E64236B-D0E7-4196-8AFD-F6D4E0AE9E12}.Release|Any CPU.ActiveCfg = Release|Any CPU
		{9E64236B-D0E7-4196-8AFD-F6D4E0AE9E12}.Release|Any CPU.Build.0 = Release|Any CPU
		{EC2AE86E-EF59-414F-948C-EBE18560379B}.Debug|Any CPU.ActiveCfg = Debug|Any CPU
		{EC2AE86E-EF59-414F-948C-EBE18560379B}.Debug|Any CPU.Build.0 = Debug|Any CPU
		{EC2AE86E-EF59-414F-948C-EBE18560379B}.Release|Any CPU.ActiveCfg = Release|Any CPU
		{EC2AE86E-EF59-414F-948C-EBE18560379B}.Release|Any CPU.Build.0 = Release|Any CPU
		{032DC80C-7F60-4A64-BD81-04F570D8D03E}.Debug|Any CPU.ActiveCfg = Debug|Any CPU
		{032DC80C-7F60-4A64-BD81-04F570D8D03E}.Debug|Any CPU.Build.0 = Debug|Any CPU
		{032DC80C-7F60-4A64-BD81-04F570D8D03E}.Release|Any CPU.ActiveCfg = Release|Any CPU
		{032DC80C-7F60-4A64-BD81-04F570D8D03E}.Release|Any CPU.Build.0 = Release|Any CPU
		{0B8DD9E6-E456-48F7-9901-0A50C18E6535}.Debug|Any CPU.ActiveCfg = Debug|Any CPU
		{0B8DD9E6-E456-48F7-9901-0A50C18E6535}.Debug|Any CPU.Build.0 = Debug|Any CPU
		{0B8DD9E6-E456-48F7-9901-0A50C18E6535}.Release|Any CPU.ActiveCfg = Release|Any CPU
		{0B8DD9E6-E456-48F7-9901-0A50C18E6535}.Release|Any CPU.Build.0 = Release|Any CPU
		{E4181908-FC28-4D68-A5D5-2B3193559C68}.Debug|Any CPU.ActiveCfg = Debug|Any CPU
		{E4181908-FC28-4D68-A5D5-2B3193559C68}.Debug|Any CPU.Build.0 = Debug|Any CPU
		{E4181908-FC28-4D68-A5D5-2B3193559C68}.Release|Any CPU.ActiveCfg = Release|Any CPU
		{E4181908-FC28-4D68-A5D5-2B3193559C68}.Release|Any CPU.Build.0 = Release|Any CPU
		{A787F722-CB1E-4205-8965-5E80C6A03EF3}.Debug|Any CPU.ActiveCfg = Debug|Any CPU
		{A787F722-CB1E-4205-8965-5E80C6A03EF3}.Debug|Any CPU.Build.0 = Debug|Any CPU
		{A787F722-CB1E-4205-8965-5E80C6A03EF3}.Release|Any CPU.ActiveCfg = Release|Any CPU
		{A787F722-CB1E-4205-8965-5E80C6A03EF3}.Release|Any CPU.Build.0 = Release|Any CPU
		{12731CF4-E1C6-455C-A406-F6AF49CE1A05}.Debug|Any CPU.ActiveCfg = Debug|Any CPU
		{12731CF4-E1C6-455C-A406-F6AF49CE1A05}.Debug|Any CPU.Build.0 = Debug|Any CPU
		{12731CF4-E1C6-455C-A406-F6AF49CE1A05}.Release|Any CPU.ActiveCfg = Release|Any CPU
		{12731CF4-E1C6-455C-A406-F6AF49CE1A05}.Release|Any CPU.Build.0 = Release|Any CPU
		{A743AE7F-CF06-43D4-AA30-FE64425AE888}.Debug|Any CPU.ActiveCfg = Debug|Any CPU
		{A743AE7F-CF06-43D4-AA30-FE64425AE888}.Debug|Any CPU.Build.0 = Debug|Any CPU
		{A743AE7F-CF06-43D4-AA30-FE64425AE888}.Release|Any CPU.ActiveCfg = Release|Any CPU
		{A743AE7F-CF06-43D4-AA30-FE64425AE888}.Release|Any CPU.Build.0 = Release|Any CPU
		{67CD5E26-7815-48CE-A4D4-045423EC3768}.Debug|Any CPU.ActiveCfg = Debug|Any CPU
		{67CD5E26-7815-48CE-A4D4-045423EC3768}.Debug|Any CPU.Build.0 = Debug|Any CPU
		{67CD5E26-7815-48CE-A4D4-045423EC3768}.Release|Any CPU.ActiveCfg = Release|Any CPU
		{67CD5E26-7815-48CE-A4D4-045423EC3768}.Release|Any CPU.Build.0 = Release|Any CPU
	EndGlobalSection
	GlobalSection(SolutionProperties) = preSolution
		HideSolutionNode = FALSE
	EndGlobalSection
	GlobalSection(NestedProjects) = preSolution
		{064A22DA-E80B-44E0-BECE-B8CE2A0ABA52} = {5F9C53D7-9F7A-4306-B060-07F4BEE456FF}
		{F29182FC-205E-4403-8878-6D18F3EF901F} = {DEB0C458-25C2-4325-8717-27F6A5B19DC8}
		{CFE7F0BA-A974-4129-868C-45D5FF864AEA} = {E26A48F3-8DD9-4540-97C1-B05772728676}
		{08141187-34AE-43A5-8371-1E332639EFBF} = {E26A48F3-8DD9-4540-97C1-B05772728676}
		{743F87AA-3E09-435F-A14E-0B1279BC2671} = {E26A48F3-8DD9-4540-97C1-B05772728676}
		{8FC04503-96A3-4B1D-9B07-EA0C3F4D63E9} = {ACFAB99B-749E-4CD3-9700-D0DC972DE6D0}
		{04BFF01A-A8AB-4DC7-9112-D5EC8ACAB3C1} = {ACFAB99B-749E-4CD3-9700-D0DC972DE6D0}
		{776901F2-9EE6-468D-9941-902DC4C8D0C4} = {ACFAB99B-749E-4CD3-9700-D0DC972DE6D0}
		{851BDFB6-31E1-48D1-83B5-FB796A4F94FF} = {2E15C176-5218-4824-99C7-16B535976DB6}
		{DEB80B6C-1F4D-4350-B87A-57ECD3992CCC} = {2E15C176-5218-4824-99C7-16B535976DB6}
		{317F3A2A-2D89-4766-941F-2F64930C403A} = {2E15C176-5218-4824-99C7-16B535976DB6}
		{9E64236B-D0E7-4196-8AFD-F6D4E0AE9E12} = {0AA8E848-84EF-445A-A670-14C7BF34DCAF}
		{EC2AE86E-EF59-414F-948C-EBE18560379B} = {0AA8E848-84EF-445A-A670-14C7BF34DCAF}
		{032DC80C-7F60-4A64-BD81-04F570D8D03E} = {0AA8E848-84EF-445A-A670-14C7BF34DCAF}
		{0B8DD9E6-E456-48F7-9901-0A50C18E6535} = {02579DB7-5F79-44C5-BFD1-2F714334199B}
		{E4181908-FC28-4D68-A5D5-2B3193559C68} = {02579DB7-5F79-44C5-BFD1-2F714334199B}
		{A787F722-CB1E-4205-8965-5E80C6A03EF3} = {02579DB7-5F79-44C5-BFD1-2F714334199B}
		{12731CF4-E1C6-455C-A406-F6AF49CE1A05} = {7386D3FA-A7F6-4E5B-BD27-8B67339DA5BA}
		{A743AE7F-CF06-43D4-AA30-FE64425AE888} = {7386D3FA-A7F6-4E5B-BD27-8B67339DA5BA}
		{67CD5E26-7815-48CE-A4D4-045423EC3768} = {7386D3FA-A7F6-4E5B-BD27-8B67339DA5BA}
	EndGlobalSection
	GlobalSection(ExtensibilityGlobals) = postSolution
		SolutionGuid = {1E631641-4615-4F87-A81C-CFB91036B233}
	EndGlobalSection
EndGlobal
