
Microsoft Visual Studio Solution File, Format Version 12.00
# Visual Studio Version 16
VisualStudioVersion = 16.0.33927.289
MinimumVisualStudioVersion = 10.0.40219.1
Project("{2150E333-8FDC-42A3-9474-1A3956D46DE8}") = "Task0", "Task0", "{5F9C53D7-9F7A-4306-B060-07F4BEE456FF}"
EndProject
Project("{FAE04EC0-301F-11D3-BF4B-00C04F79EFBC}") = "Tyuiu.BrukhovAA.Sprint0.Task0.V0", "Tyuiu.BrukhovAA.Sprint0.Task0.V0\Tyuiu.BrukhovAA.Sprint0.Task0.V0.csproj", "{064A22DA-E80B-44E0-BECE-B8CE2A0ABA52}"
EndProject
Project("{2150E333-8FDC-42A3-9474-1A3956D46DE8}") = "Task1", "Task1", "{DEB0C458-25C2-4325-8717-27F6A5B19DC8}"
EndProject
Project("{FAE04EC0-301F-11D3-BF4B-00C04F79EFBC}") = "Tyuiu.BrukhovAA.Sprint0.Task1.V0", "Tyuiu.BrukhovAA.Sprint0.Task1.V0\Tyuiu.BrukhovAA.Sprint0.Task1.V0.csproj", "{F29182FC-205E-4403-8878-6D18F3EF901F}"
EndProject
Project("{2150E333-8FDC-42A3-9474-1A3956D46DE8}") = "Task2", "Task2", "{E26A48F3-8DD9-4540-97C1-B05772728676}"
EndProject
Project("{FAE04EC0-301F-11D3-BF4B-00C04F79EFBC}") = "Tyuiu.BrukhovAA.Sprint0.Task2.V0", "Tyuiu.BrukhovAA.Sprint0.Task2.V0\Tyuiu.BrukhovAA.Sprint0.Task2.V0.csproj", "{CFE7F0BA-A974-4129-868C-45D5FF864AEA}"
EndProject
Project("{FAE04EC0-301F-11D3-BF4B-00C04F79EFBC}") = "Tyuiu.BrukhovAA.Sprint0.Task2.V0.Lib", "Tyuiu.BrukhovAA.Sprint0.Task2.V0.Lib\Tyuiu.BrukhovAA.Sprint0.Task2.V0.Lib.csproj", "{08141187-34AE-43A5-8371-1E332639EFBF}"
EndProject
Project("{FAE04EC0-301F-11D3-BF4B-00C04F79EFBC}") = "Tyuiu.BrukhovAA.Sprint0.Task2.V0.Test", "Tyuiu.BrukhovAA.Sprint0.Task2.V0.Test\Tyuiu.BrukhovAA.Sprint0.Task2.V0.Test.csproj", "{743F87AA-3E09-435F-A14E-0B1279BC2671}"
EndProject
Global
	GlobalSection(SolutionConfigurationPlatforms) = preSolution
		Debug|Any CPU = Debug|Any CPU
		Release|Any CPU = Release|Any CPU
	EndGlobalSection
	GlobalSection(ProjectConfigurationPlatforms) = postSolution
		{064A22DA-E80B-44E0-BECE-B8CE2A0ABA52}.Debug|Any CPU.ActiveCfg = Debug|Any CPU
		{064A22DA-E80B-44E0-BECE-B8CE2A0ABA52}.Debug|Any CPU.Build.0 = Debug|Any CPU
		{064A22DA-E80B-44E0-BECE-B8CE2A0ABA52}.Release|Any CPU.ActiveCfg = Release|Any CPU
		{064A22DA-E80B-44E0-BECE-B8CE2A0ABA52}.Release|Any CPU.Build.0 = Release|Any CPU
		{F29182FC-205E-4403-8878-6D18F3EF901F}.Debug|Any CPU.ActiveCfg = Debug|Any CPU
		{F29182FC-205E-4403-8878-6D18F3EF901F}.Debug|Any CPU.Build.0 = Debug|Any CPU
		{F29182FC-205E-4403-8878-6D18F3EF901F}.Release|Any CPU.ActiveCfg = Release|Any CPU
		{F29182FC-205E-4403-8878-6D18F3EF901F}.Release|Any CPU.Build.0 = Release|Any CPU
		{CFE7F0BA-A974-4129-868C-45D5FF864AEA}.Debug|Any CPU.ActiveCfg = Debug|Any CPU
		{CFE7F0BA-A974-4129-868C-45D5FF864AEA}.Debug|Any CPU.Build.0 = Debug|Any CPU
		{CFE7F0BA-A974-4129-868C-45D5FF864AEA}.Release|Any CPU.ActiveCfg = Release|Any CPU
		{CFE7F0BA-A974-4129-868C-45D5FF864AEA}.Release|Any CPU.Build.0 = Release|Any CPU
		{08141187-34AE-43A5-8371-1E332639EFBF}.Debug|Any CPU.ActiveCfg = Debug|Any CPU
		{08141187-34AE-43A5-8371-1E332639EFBF}.Debug|Any CPU.Build.0 = Debug|Any CPU
		{08141187-34AE-43A5-8371-1E332639EFBF}.Release|Any CPU.ActiveCfg = Release|Any CPU
		{08141187-34AE-43A5-8371-1E332639EFBF}.Release|Any CPU.Build.0 = Release|Any CPU
		{743F87AA-3E09-435F-A14E-0B1279BC2671}.Debug|Any CPU.ActiveCfg = Debug|Any CPU
		{743F87AA-3E09-435F-A14E-0B1279BC2671}.Debug|Any CPU.Build.0 = Debug|Any CPU
		{743F87AA-3E09-435F-A14E-0B1279BC2671}.Release|Any CPU.ActiveCfg = Release|Any CPU
		{743F87AA-3E09-435F-A14E-0B1279BC2671}.Release|Any CPU.Build.0 = Release|Any CPU
	EndGlobalSection
	GlobalSection(SolutionProperties) = preSolution
		HideSolutionNode = FALSE
	EndGlobalSection
	GlobalSection(NestedProjects) = preSolution
		{064A22DA-E80B-44E0-BECE-B8CE2A0ABA52} = {5F9C53D7-9F7A-4306-B060-07F4BEE456FF}
		{F29182FC-205E-4403-8878-6D18F3EF901F} = {DEB0C458-25C2-4325-8717-27F6A5B19DC8}
		{CFE7F0BA-A974-4129-868C-45D5FF864AEA} = {E26A48F3-8DD9-4540-97C1-B05772728676}
		{08141187-34AE-43A5-8371-1E332639EFBF} = {E26A48F3-8DD9-4540-97C1-B05772728676}
		{743F87AA-3E09-435F-A14E-0B1279BC2671} = {E26A48F3-8DD9-4540-97C1-B05772728676}
	EndGlobalSection
	GlobalSection(ExtensibilityGlobals) = postSolution
		SolutionGuid = {1E631641-4615-4F87-A81C-CFB91036B233}
	EndGlobalSection
EndGlobal
